Microsoft Visual Studio Solution File, Format Version 9.00
# Visual Studio 2005
Project("{FAE04EC0-301F-11D3-BF4B-00C04F79EFBC}") = "WebSolution.Module", "WebSolution.Module\WebSolution.Module.csproj", "{50DC8C0F-CF97-4197-B14C-7E4DBE18AD0B}"
EndProject
Project("{FAE04EC0-301F-11D3-BF4B-00C04F79EFBC}") = "WebSolution.Module.Web", "WebSolution.Module.Web\WebSolution.Module.Web.csproj", "{4E781933-7F7F-4E8C-9542-FC6C85794FDF}"
EndProject
Project("{00000000-0000-0000-0000-000000000000}") = "WebSolution.Web", "WebSolution.Web\WebSolution.Web.csproj", "{1E8785BB-4342-433A-A58C-D1436EEC9617}"
EndProject
Global
	GlobalSection(SolutionConfigurationPlatforms) = preSolution
		Debug|Any CPU = Debug|Any CPU
		Release|Any CPU = Release|Any CPU
	EndGlobalSection
	GlobalSection(ProjectConfigurationPlatforms) = postSolution
		{50DC8C0F-CF97-4197-B14C-7E4DBE18AD0B}.Debug|Any CPU.ActiveCfg = Debug|Any CPU
		{50DC8C0F-CF97-4197-B14C-7E4DBE18AD0B}.Debug|Any CPU.Build.0 = Debug|Any CPU
		{50DC8C0F-CF97-4197-B14C-7E4DBE18AD0B}.Release|Any CPU.ActiveCfg = Release|Any CPU
		{50DC8C0F-CF97-4197-B14C-7E4DBE18AD0B}.Release|Any CPU.Build.0 = Release|Any CPU
		{4E781933-7F7F-4E8C-9542-FC6C85794FDF}.Debug|Any CPU.ActiveCfg = Debug|Any CPU
		{4E781933-7F7F-4E8C-9542-FC6C85794FDF}.Debug|Any CPU.Build.0 = Debug|Any CPU
		{4E781933-7F7F-4E8C-9542-FC6C85794FDF}.Release|Any CPU.ActiveCfg = Release|Any CPU
		{4E781933-7F7F-4E8C-9542-FC6C85794FDF}.Release|Any CPU.Build.0 = Release|Any CPU
		{1E8785BB-4342-433A-A58C-D1436EEC9617}.Debug|Any CPU.ActiveCfg = Debug|Any CPU
		{1E8785BB-4342-433A-A58C-D1436EEC9617}.Debug|Any CPU.Build.0 = Debug|Any CPU
		{1E8785BB-4342-433A-A58C-D1436EEC9617}.Release|Any CPU.ActiveCfg = Release|Any CPU
		{1E8785BB-4342-433A-A58C-D1436EEC9617}.Release|Any CPU.Build.0 = Release|Any CPU
	EndGlobalSection
	GlobalSection(SolutionProperties) = preSolution
		HideSolutionNode = FALSE
	EndGlobalSection
EndGlobal
